// !$*UTF8*$!
{
	archiveVersion = 1;
	classes = {
	};
	objectVersion = 50;
	objects = {

/* Begin PBXBuildFile section */
		239E994323C8F4E7003BDA1B /* AppDelegate.swift in Sources */ = {isa = PBXBuildFile; fileRef = 239E994223C8F4E7003BDA1B /* AppDelegate.swift */; };
		239E994523C8F4E7003BDA1B /* SceneDelegate.swift in Sources */ = {isa = PBXBuildFile; fileRef = 239E994423C8F4E7003BDA1B /* SceneDelegate.swift */; };
		239E994723C8F4E7003BDA1B /* ViewController.swift in Sources */ = {isa = PBXBuildFile; fileRef = 239E994623C8F4E7003BDA1B /* ViewController.swift */; };
		239E994C23C8F4E7003BDA1B /* Assets.xcassets in Resources */ = {isa = PBXBuildFile; fileRef = 239E994B23C8F4E7003BDA1B /* Assets.xcassets */; };
		239E994F23C8F4E7003BDA1B /* LaunchScreen.storyboard in Resources */ = {isa = PBXBuildFile; fileRef = 239E994D23C8F4E7003BDA1B /* LaunchScreen.storyboard */; };
		239E995A23C8F4E7003BDA1B /* GamesTests.swift in Sources */ = {isa = PBXBuildFile; fileRef = 239E995923C8F4E7003BDA1B /* GamesTests.swift */; };
		239E996B23C8FA1B003BDA1B /* NIBLoadable.swift in Sources */ = {isa = PBXBuildFile; fileRef = 239E996A23C8FA1B003BDA1B /* NIBLoadable.swift */; };
		239E996D23C8FA44003BDA1B /* NibOwnerLoadable.swift in Sources */ = {isa = PBXBuildFile; fileRef = 239E996C23C8FA44003BDA1B /* NibOwnerLoadable.swift */; };
		239E996F23C8FA58003BDA1B /* Reusable.swift in Sources */ = {isa = PBXBuildFile; fileRef = 239E996E23C8FA58003BDA1B /* Reusable.swift */; };
		239E997123C8FA84003BDA1B /* UITableView+Reusable.swift in Sources */ = {isa = PBXBuildFile; fileRef = 239E997023C8FA84003BDA1B /* UITableView+Reusable.swift */; };
		239E997323C8FEB1003BDA1B /* GamesTabBarViewController.swift in Sources */ = {isa = PBXBuildFile; fileRef = 239E997223C8FEB1003BDA1B /* GamesTabBarViewController.swift */; };
/* End PBXBuildFile section */

/* Begin PBXContainerItemProxy section */
		239E995623C8F4E7003BDA1B /* PBXContainerItemProxy */ = {
			isa = PBXContainerItemProxy;
			containerPortal = 239E993723C8F4E7003BDA1B /* Project object */;
			proxyType = 1;
			remoteGlobalIDString = 239E993E23C8F4E7003BDA1B;
			remoteInfo = Games;
		};
/* End PBXContainerItemProxy section */

/* Begin PBXFileReference section */
		239E993F23C8F4E7003BDA1B /* Games.app */ = {isa = PBXFileReference; explicitFileType = wrapper.application; includeInIndex = 0; path = Games.app; sourceTree = BUILT_PRODUCTS_DIR; };
		239E994223C8F4E7003BDA1B /* AppDelegate.swift */ = {isa = PBXFileReference; lastKnownFileType = sourcecode.swift; path = AppDelegate.swift; sourceTree = "<group>"; };
		239E994423C8F4E7003BDA1B /* SceneDelegate.swift */ = {isa = PBXFileReference; lastKnownFileType = sourcecode.swift; path = SceneDelegate.swift; sourceTree = "<group>"; };
		239E994623C8F4E7003BDA1B /* ViewController.swift */ = {isa = PBXFileReference; lastKnownFileType = sourcecode.swift; path = ViewController.swift; sourceTree = "<group>"; };
		239E994B23C8F4E7003BDA1B /* Assets.xcassets */ = {isa = PBXFileReference; lastKnownFileType = folder.assetcatalog; path = Assets.xcassets; sourceTree = "<group>"; };
		239E994E23C8F4E7003BDA1B /* Base */ = {isa = PBXFileReference; lastKnownFileType = file.storyboard; name = Base; path = Base.lproj/LaunchScreen.storyboard; sourceTree = "<group>"; };
		239E995023C8F4E7003BDA1B /* Info.plist */ = {isa = PBXFileReference; lastKnownFileType = text.plist.xml; path = Info.plist; sourceTree = "<group>"; };
		239E995523C8F4E7003BDA1B /* GamesTests.xctest */ = {isa = PBXFileReference; explicitFileType = wrapper.cfbundle; includeInIndex = 0; path = GamesTests.xctest; sourceTree = BUILT_PRODUCTS_DIR; };
		239E995923C8F4E7003BDA1B /* GamesTests.swift */ = {isa = PBXFileReference; lastKnownFileType = sourcecode.swift; path = GamesTests.swift; sourceTree = "<group>"; };
		239E995B23C8F4E7003BDA1B /* Info.plist */ = {isa = PBXFileReference; lastKnownFileType = text.plist.xml; path = Info.plist; sourceTree = "<group>"; };
		239E996A23C8FA1B003BDA1B /* NIBLoadable.swift */ = {isa = PBXFileReference; lastKnownFileType = sourcecode.swift; path = NIBLoadable.swift; sourceTree = "<group>"; };
		239E996C23C8FA44003BDA1B /* NibOwnerLoadable.swift */ = {isa = PBXFileReference; lastKnownFileType = sourcecode.swift; path = NibOwnerLoadable.swift; sourceTree = "<group>"; };
		239E996E23C8FA58003BDA1B /* Reusable.swift */ = {isa = PBXFileReference; lastKnownFileType = sourcecode.swift; path = Reusable.swift; sourceTree = "<group>"; };
		239E997023C8FA84003BDA1B /* UITableView+Reusable.swift */ = {isa = PBXFileReference; lastKnownFileType = sourcecode.swift; path = "UITableView+Reusable.swift"; sourceTree = "<group>"; };
		239E997223C8FEB1003BDA1B /* GamesTabBarViewController.swift */ = {isa = PBXFileReference; lastKnownFileType = sourcecode.swift; path = GamesTabBarViewController.swift; sourceTree = "<group>"; };
/* End PBXFileReference section */

/* Begin PBXFrameworksBuildPhase section */
		239E993C23C8F4E7003BDA1B /* Frameworks */ = {
			isa = PBXFrameworksBuildPhase;
			buildActionMask = 2147483647;
			files = (
			);
			runOnlyForDeploymentPostprocessing = 0;
		};
		239E995223C8F4E7003BDA1B /* Frameworks */ = {
			isa = PBXFrameworksBuildPhase;
			buildActionMask = 2147483647;
			files = (
			);
			runOnlyForDeploymentPostprocessing = 0;
		};
/* End PBXFrameworksBuildPhase section */

/* Begin PBXGroup section */
		239E993623C8F4E7003BDA1B = {
			isa = PBXGroup;
			children = (
				239E994123C8F4E7003BDA1B /* Games */,
				239E995823C8F4E7003BDA1B /* GamesTests */,
				239E994023C8F4E7003BDA1B /* Products */,
			);
			sourceTree = "<group>";
		};
		239E994023C8F4E7003BDA1B /* Products */ = {
			isa = PBXGroup;
			children = (
				239E993F23C8F4E7003BDA1B /* Games.app */,
				239E995523C8F4E7003BDA1B /* GamesTests.xctest */,
			);
			name = Products;
			sourceTree = "<group>";
		};
		239E994123C8F4E7003BDA1B /* Games */ = {
			isa = PBXGroup;
			children = (
				239E996923C8FA0E003BDA1B /* ReusableView */,
				239E996423C8F5F3003BDA1B /* Extensions */,
				239E994223C8F4E7003BDA1B /* AppDelegate.swift */,
				239E994423C8F4E7003BDA1B /* SceneDelegate.swift */,
				239E994623C8F4E7003BDA1B /* ViewController.swift */,
				239E994B23C8F4E7003BDA1B /* Assets.xcassets */,
				239E994D23C8F4E7003BDA1B /* LaunchScreen.storyboard */,
				239E995023C8F4E7003BDA1B /* Info.plist */,
				239E997223C8FEB1003BDA1B /* GamesTabBarViewController.swift */,
			);
			path = Games;
			sourceTree = "<group>";
		};
		239E995823C8F4E7003BDA1B /* GamesTests */ = {
			isa = PBXGroup;
			children = (
				239E995923C8F4E7003BDA1B /* GamesTests.swift */,
				239E995B23C8F4E7003BDA1B /* Info.plist */,
			);
			path = GamesTests;
			sourceTree = "<group>";
		};
		239E996423C8F5F3003BDA1B /* Extensions */ = {
			isa = PBXGroup;
			children = (
			);
			path = Extensions;
			sourceTree = "<group>";
		};
		239E996923C8FA0E003BDA1B /* ReusableView */ = {
			isa = PBXGroup;
			children = (
				239E996A23C8FA1B003BDA1B /* NIBLoadable.swift */,
				239E996C23C8FA44003BDA1B /* NibOwnerLoadable.swift */,
				239E996E23C8FA58003BDA1B /* Reusable.swift */,
				239E997023C8FA84003BDA1B /* UITableView+Reusable.swift */,
			);
			path = ReusableView;
			sourceTree = "<group>";
		};
/* End PBXGroup section */

/* Begin PBXNativeTarget section */
		239E993E23C8F4E7003BDA1B /* Games */ = {
			isa = PBXNativeTarget;
			buildConfigurationList = 239E995E23C8F4E7003BDA1B /* Build configuration list for PBXNativeTarget "Games" */;
			buildPhases = (
				239E993B23C8F4E7003BDA1B /* Sources */,
				239E993C23C8F4E7003BDA1B /* Frameworks */,
				239E993D23C8F4E7003BDA1B /* Resources */,
			);
			buildRules = (
			);
			dependencies = (
			);
			name = Games;
			productName = Games;
			productReference = 239E993F23C8F4E7003BDA1B /* Games.app */;
			productType = "com.apple.product-type.application";
		};
		239E995423C8F4E7003BDA1B /* GamesTests */ = {
			isa = PBXNativeTarget;
			buildConfigurationList = 239E996123C8F4E7003BDA1B /* Build configuration list for PBXNativeTarget "GamesTests" */;
			buildPhases = (
				239E995123C8F4E7003BDA1B /* Sources */,
				239E995223C8F4E7003BDA1B /* Frameworks */,
				239E995323C8F4E7003BDA1B /* Resources */,
			);
			buildRules = (
			);
			dependencies = (
				239E995723C8F4E7003BDA1B /* PBXTargetDependency */,
			);
			name = GamesTests;
			productName = GamesTests;
			productReference = 239E995523C8F4E7003BDA1B /* GamesTests.xctest */;
			productType = "com.apple.product-type.bundle.unit-test";
		};
/* End PBXNativeTarget section */

/* Begin PBXProject section */
		239E993723C8F4E7003BDA1B /* Project object */ = {
			isa = PBXProject;
			attributes = {
				LastSwiftUpdateCheck = 1130;
				LastUpgradeCheck = 1130;
				ORGANIZATIONNAME = "Gungor Basa";
				TargetAttributes = {
					239E993E23C8F4E7003BDA1B = {
						CreatedOnToolsVersion = 11.3;
					};
					239E995423C8F4E7003BDA1B = {
						CreatedOnToolsVersion = 11.3;
						TestTargetID = 239E993E23C8F4E7003BDA1B;
					};
				};
			};
			buildConfigurationList = 239E993A23C8F4E7003BDA1B /* Build configuration list for PBXProject "Games" */;
			compatibilityVersion = "Xcode 9.3";
			developmentRegion = en;
			hasScannedForEncodings = 0;
			knownRegions = (
				en,
				Base,
			);
			mainGroup = 239E993623C8F4E7003BDA1B;
			productRefGroup = 239E994023C8F4E7003BDA1B /* Products */;
			projectDirPath = "";
			projectRoot = "";
			targets = (
				239E993E23C8F4E7003BDA1B /* Games */,
				239E995423C8F4E7003BDA1B /* GamesTests */,
			);
		};
/* End PBXProject section */

/* Begin PBXResourcesBuildPhase section */
		239E993D23C8F4E7003BDA1B /* Resources */ = {
			isa = PBXResourcesBuildPhase;
			buildActionMask = 2147483647;
			files = (
				239E994F23C8F4E7003BDA1B /* LaunchScreen.storyboard in Resources */,
				239E994C23C8F4E7003BDA1B /* Assets.xcassets in Resources */,
			);
			runOnlyForDeploymentPostprocessing = 0;
		};
		239E995323C8F4E7003BDA1B /* Resources */ = {
			isa = PBXResourcesBuildPhase;
			buildActionMask = 2147483647;
			files = (
			);
			runOnlyForDeploymentPostprocessing = 0;
		};
/* End PBXResourcesBuildPhase section */

/* Begin PBXSourcesBuildPhase section */
		239E993B23C8F4E7003BDA1B /* Sources */ = {
			isa = PBXSourcesBuildPhase;
			buildActionMask = 2147483647;
			files = (
				239E994723C8F4E7003BDA1B /* ViewController.swift in Sources */,
				239E994323C8F4E7003BDA1B /* AppDelegate.swift in Sources */,
				239E997323C8FEB1003BDA1B /* GamesTabBarViewController.swift in Sources */,
				239E994523C8F4E7003BDA1B /* SceneDelegate.swift in Sources */,
				239E997123C8FA84003BDA1B /* UITableView+Reusable.swift in Sources */,
				239E996F23C8FA58003BDA1B /* Reusable.swift in Sources */,
				239E996D23C8FA44003BDA1B /* NibOwnerLoadable.swift in Sources */,
				239E996B23C8FA1B003BDA1B /* NIBLoadable.swift in Sources */,
			);
			runOnlyForDeploymentPostprocessing = 0;
		};
		239E995123C8F4E7003BDA1B /* Sources */ = {
			isa = PBXSourcesBuildPhase;
			buildActionMask = 2147483647;
			files = (
				239E995A23C8F4E7003BDA1B /* GamesTests.swift in Sources */,
			);
			runOnlyForDeploymentPostprocessing = 0;
		};
/* End PBXSourcesBuildPhase section */

/* Begin PBXTargetDependency section */
		239E995723C8F4E7003BDA1B /* PBXTargetDependency */ = {
			isa = PBXTargetDependency;
			target = 239E993E23C8F4E7003BDA1B /* Games */;
			targetProxy = 239E995623C8F4E7003BDA1B /* PBXContainerItemProxy */;
		};
/* End PBXTargetDependency section */

/* Begin PBXVariantGroup section */
		239E994D23C8F4E7003BDA1B /* LaunchScreen.storyboard */ = {
			isa = PBXVariantGroup;
			children = (
				239E994E23C8F4E7003BDA1B /* Base */,
			);
			name = LaunchScreen.storyboard;
			sourceTree = "<group>";
		};
/* End PBXVariantGroup section */

/* Begin XCBuildConfiguration section */
		239E995C23C8F4E7003BDA1B /* Debug */ = {
			isa = XCBuildConfiguration;
			buildSettings = {
				ALWAYS_SEARCH_USER_PATHS = NO;
				CLANG_ANALYZER_NONNULL = YES;
				CLANG_ANALYZER_NUMBER_OBJECT_CONVERSION = YES_AGGRESSIVE;
				CLANG_CXX_LANGUAGE_STANDARD = "gnu++14";
				CLANG_CXX_LIBRARY = "libc++";
				CLANG_ENABLE_MODULES = YES;
				CLANG_ENABLE_OBJC_ARC = YES;
				CLANG_ENABLE_OBJC_WEAK = YES;
				CLANG_WARN_BLOCK_CAPTURE_AUTORELEASING = YES;
				CLANG_WARN_BOOL_CONVERSION = YES;
				CLANG_WARN_COMMA = YES;
				CLANG_WARN_CONSTANT_CONVERSION = YES;
				CLANG_WARN_DEPRECATED_OBJC_IMPLEMENTATIONS = YES;
				CLANG_WARN_DIRECT_OBJC_ISA_USAGE = YES_ERROR;
				CLANG_WARN_DOCUMENTATION_COMMENTS = YES;
				CLANG_WARN_EMPTY_BODY = YES;
				CLANG_WARN_ENUM_CONVERSION = YES;
				CLANG_WARN_INFINITE_RECURSION = YES;
				CLANG_WARN_INT_CONVERSION = YES;
				CLANG_WARN_NON_LITERAL_NULL_CONVERSION = YES;
				CLANG_WARN_OBJC_IMPLICIT_RETAIN_SELF = YES;
				CLANG_WARN_OBJC_LITERAL_CONVERSION = YES;
				CLANG_WARN_OBJC_ROOT_CLASS = YES_ERROR;
				CLANG_WARN_RANGE_LOOP_ANALYSIS = YES;
				CLANG_WARN_STRICT_PROTOTYPES = YES;
				CLANG_WARN_SUSPICIOUS_MOVE = YES;
				CLANG_WARN_UNGUARDED_AVAILABILITY = YES_AGGRESSIVE;
				CLANG_WARN_UNREACHABLE_CODE = YES;
				CLANG_WARN__DUPLICATE_METHOD_MATCH = YES;
				COPY_PHASE_STRIP = NO;
				DEBUG_INFORMATION_FORMAT = dwarf;
				ENABLE_STRICT_OBJC_MSGSEND = YES;
				ENABLE_TESTABILITY = YES;
				GCC_C_LANGUAGE_STANDARD = gnu11;
				GCC_DYNAMIC_NO_PIC = NO;
				GCC_NO_COMMON_BLOCKS = YES;
				GCC_OPTIMIZATION_LEVEL = 0;
				GCC_PREPROCESSOR_DEFINITIONS = (
					"DEBUG=1",
					"$(inherited)",
				);
				GCC_WARN_64_TO_32_BIT_CONVERSION = YES;
				GCC_WARN_ABOUT_RETURN_TYPE = YES_ERROR;
				GCC_WARN_UNDECLARED_SELECTOR = YES;
				GCC_WARN_UNINITIALIZED_AUTOS = YES_AGGRESSIVE;
				GCC_WARN_UNUSED_FUNCTION = YES;
				GCC_WARN_UNUSED_VARIABLE = YES;
				IPHONEOS_DEPLOYMENT_TARGET = 13.2;
				MTL_ENABLE_DEBUG_INFO = INCLUDE_SOURCE;
				MTL_FAST_MATH = YES;
				ONLY_ACTIVE_ARCH = YES;
				SDKROOT = iphoneos;
				SWIFT_ACTIVE_COMPILATION_CONDITIONS = DEBUG;
				SWIFT_OPTIMIZATION_LEVEL = "-Onone";
			};
			name = Debug;
		};
		239E995D23C8F4E7003BDA1B /* Release */ = {
			isa = XCBuildConfiguration;
			buildSettings = {
				ALWAYS_SEARCH_USER_PATHS = NO;
				CLANG_ANALYZER_NONNULL = YES;
				CLANG_ANALYZER_NUMBER_OBJECT_CONVERSION = YES_AGGRESSIVE;
				CLANG_CXX_LANGUAGE_STANDARD = "gnu++14";
				CLANG_CXX_LIBRARY = "libc++";
				CLANG_ENABLE_MODULES = YES;
				CLANG_ENABLE_OBJC_ARC = YES;
				CLANG_ENABLE_OBJC_WEAK = YES;
				CLANG_WARN_BLOCK_CAPTURE_AUTORELEASING = YES;
				CLANG_WARN_BOOL_CONVERSION = YES;
				CLANG_WARN_COMMA = YES;
				CLANG_WARN_CONSTANT_CONVERSION = YES;
				CLANG_WARN_DEPRECATED_OBJC_IMPLEMENTATIONS = YES;
				CLANG_WARN_DIRECT_OBJC_ISA_USAGE = YES_ERROR;
				CLANG_WARN_DOCUMENTATION_COMMENTS = YES;
				CLANG_WARN_EMPTY_BODY = YES;
				CLANG_WARN_ENUM_CONVERSION = YES;
				CLANG_WARN_INFINITE_RECURSION = YES;
				CLANG_WARN_INT_CONVERSION = YES;
				CLANG_WARN_NON_LITERAL_NULL_CONVERSION = YES;
				CLANG_WARN_OBJC_IMPLICIT_RETAIN_SELF = YES;
				CLANG_WARN_OBJC_LITERAL_CONVERSION = YES;
				CLANG_WARN_OBJC_ROOT_CLASS = YES_ERROR;
				CLANG_WARN_RANGE_LOOP_ANALYSIS = YES;
				CLANG_WARN_STRICT_PROTOTYPES = YES;
				CLANG_WARN_SUSPICIOUS_MOVE = YES;
				CLANG_WARN_UNGUARDED_AVAILABILITY = YES_AGGRESSIVE;
				CLANG_WARN_UNREACHABLE_CODE = YES;
				CLANG_WARN__DUPLICATE_METHOD_MATCH = YES;
				COPY_PHASE_STRIP = NO;
				DEBUG_INFORMATION_FORMAT = "dwarf-with-dsym";
				ENABLE_NS_ASSERTIONS = NO;
				ENABLE_STRICT_OBJC_MSGSEND = YES;
				GCC_C_LANGUAGE_STANDARD = gnu11;
				GCC_NO_COMMON_BLOCKS = YES;
				GCC_WARN_64_TO_32_BIT_CONVERSION = YES;
				GCC_WARN_ABOUT_RETURN_TYPE = YES_ERROR;
				GCC_WARN_UNDECLARED_SELECTOR = YES;
				GCC_WARN_UNINITIALIZED_AUTOS = YES_AGGRESSIVE;
				GCC_WARN_UNUSED_FUNCTION = YES;
				GCC_WARN_UNUSED_VARIABLE = YES;
				IPHONEOS_DEPLOYMENT_TARGET = 13.2;
				MTL_ENABLE_DEBUG_INFO = NO;
				MTL_FAST_MATH = YES;
				SDKROOT = iphoneos;
				SWIFT_COMPILATION_MODE = wholemodule;
				SWIFT_OPTIMIZATION_LEVEL = "-O";
				VALIDATE_PRODUCT = YES;
			};
			name = Release;
		};
		239E995F23C8F4E7003BDA1B /* Debug */ = {
			isa = XCBuildConfiguration;
			buildSettings = {
				ASSETCATALOG_COMPILER_APPICON_NAME = AppIcon;
				CODE_SIGN_STYLE = Automatic;
				INFOPLIST_FILE = Games/Info.plist;
				IPHONEOS_DEPLOYMENT_TARGET = 11.0;
				LD_RUNPATH_SEARCH_PATHS = (
					"$(inherited)",
					"@executable_path/Frameworks",
				);
				PRODUCT_BUNDLE_IDENTIFIER = com.gungorbasa.Games;
				PRODUCT_NAME = "$(TARGET_NAME)";
				SWIFT_VERSION = 5.0;
				TARGETED_DEVICE_FAMILY = "1,2";
			};
			name = Debug;
		};
		239E996023C8F4E7003BDA1B /* Release */ = {
			isa = XCBuildConfiguration;
			buildSettings = {
				ASSETCATALOG_COMPILER_APPICON_NAME = AppIcon;
				CODE_SIGN_STYLE = Automatic;
				INFOPLIST_FILE = Games/Info.plist;
				IPHONEOS_DEPLOYMENT_TARGET = 11.0;
				LD_RUNPATH_SEARCH_PATHS = (
					"$(inherited)",
					"@executable_path/Frameworks",
				);
				PRODUCT_BUNDLE_IDENTIFIER = com.gungorbasa.Games;
				PRODUCT_NAME = "$(TARGET_NAME)";
				SWIFT_VERSION = 5.0;
				TARGETED_DEVICE_FAMILY = "1,2";
			};
			name = Release;
		};
		239E996223C8F4E7003BDA1B /* Debug */ = {
			isa = XCBuildConfiguration;
			buildSettings = {
				ALWAYS_EMBED_SWIFT_STANDARD_LIBRARIES = YES;
				BUNDLE_LOADER = "$(TEST_HOST)";
				CODE_SIGN_STYLE = Automatic;
				INFOPLIST_FILE = GamesTests/Info.plist;
				IPHONEOS_DEPLOYMENT_TARGET = 13.2;
				LD_RUNPATH_SEARCH_PATHS = (
					"$(inherited)",
					"@executable_path/Frameworks",
					"@loader_path/Frameworks",
				);
				PRODUCT_BUNDLE_IDENTIFIER = com.gungorbasa.GamesTests;
				PRODUCT_NAME = "$(TARGET_NAME)";
				SWIFT_VERSION = 5.0;
				TARGETED_DEVICE_FAMILY = "1,2";
				TEST_HOST = "$(BUILT_PRODUCTS_DIR)/Games.app/Games";
			};
			name = Debug;
		};
		239E996323C8F4E7003BDA1B /* Release */ = {
			isa = XCBuildConfiguration;
			buildSettings = {
				ALWAYS_EMBED_SWIFT_STANDARD_LIBRARIES = YES;
				BUNDLE_LOADER = "$(TEST_HOST)";
				CODE_SIGN_STYLE = Automatic;
				INFOPLIST_FILE = GamesTests/Info.plist;
				IPHONEOS_DEPLOYMENT_TARGET = 13.2;
				LD_RUNPATH_SEARCH_PATHS = (
					"$(inherited)",
					"@executable_path/Frameworks",
					"@loader_path/Frameworks",
				);
				PRODUCT_BUNDLE_IDENTIFIER = com.gungorbasa.GamesTests;
				PRODUCT_NAME = "$(TARGET_NAME)";
				SWIFT_VERSION = 5.0;
				TARGETED_DEVICE_FAMILY = "1,2";
				TEST_HOST = "$(BUILT_PRODUCTS_DIR)/Games.app/Games";
			};
			name = Release;
		};
/* End XCBuildConfiguration section */

/* Begin XCConfigurationList section */
		239E993A23C8F4E7003BDA1B /* Build configuration list for PBXProject "Games" */ = {
			isa = XCConfigurationList;
			buildConfigurations = (
				239E995C23C8F4E7003BDA1B /* Debug */,
				239E995D23C8F4E7003BDA1B /* Release */,
			);
			defaultConfigurationIsVisible = 0;
			defaultConfigurationName = Release;
		};
		239E995E23C8F4E7003BDA1B /* Build configuration list for PBXNativeTarget "Games" */ = {
			isa = XCConfigurationList;
			buildConfigurations = (
				239E995F23C8F4E7003BDA1B /* Debug */,
				239E996023C8F4E7003BDA1B /* Release */,
			);
			defaultConfigurationIsVisible = 0;
			defaultConfigurationName = Release;
		};
		239E996123C8F4E7003BDA1B /* Build configuration list for PBXNativeTarget "GamesTests" */ = {
			isa = XCConfigurationList;
			buildConfigurations = (
				239E996223C8F4E7003BDA1B /* Debug */,
				239E996323C8F4E7003BDA1B /* Release */,
			);
			defaultConfigurationIsVisible = 0;
			defaultConfigurationName = Release;
		};
/* End XCConfigurationList section */
	};
	rootObject = 239E993723C8F4E7003BDA1B /* Project object */;
}
