// !$*UTF8*$!
{
	archiveVersion = 1;
	classes = {
	};
	objectVersion = 52;
	objects = {

/* Begin PBXBuildFile section */
		238BFDEC24A36BDD007043A7 /* Nuke in Frameworks */ = {isa = PBXBuildFile; productRef = 238BFDEB24A36BDD007043A7 /* Nuke */; };
		238BFDF224A3778E007043A7 /* Alamofire in Frameworks */ = {isa = PBXBuildFile; productRef = 238BFDF124A3778E007043A7 /* Alamofire */; };
		23912F0724A5B9D6000D2949 /* RootViewBuilder.swift in Sources */ = {isa = PBXBuildFile; fileRef = 23912F0624A5B9D6000D2949 /* RootViewBuilder.swift */; };
		239E994323C8F4E7003BDA1B /* AppDelegate.swift in Sources */ = {isa = PBXBuildFile; fileRef = 239E994223C8F4E7003BDA1B /* AppDelegate.swift */; };
		239E994523C8F4E7003BDA1B /* SceneDelegate.swift in Sources */ = {isa = PBXBuildFile; fileRef = 239E994423C8F4E7003BDA1B /* SceneDelegate.swift */; };
		239E994C23C8F4E7003BDA1B /* Assets.xcassets in Resources */ = {isa = PBXBuildFile; fileRef = 239E994B23C8F4E7003BDA1B /* Assets.xcassets */; };
		239E994F23C8F4E7003BDA1B /* LaunchScreen.storyboard in Resources */ = {isa = PBXBuildFile; fileRef = 239E994D23C8F4E7003BDA1B /* LaunchScreen.storyboard */; };
		239E995A23C8F4E7003BDA1B /* GamesTests.swift in Sources */ = {isa = PBXBuildFile; fileRef = 239E995923C8F4E7003BDA1B /* GamesTests.swift */; };
		239E996B23C8FA1B003BDA1B /* NIBLoadable.swift in Sources */ = {isa = PBXBuildFile; fileRef = 239E996A23C8FA1B003BDA1B /* NIBLoadable.swift */; };
		239E996D23C8FA44003BDA1B /* NibOwnerLoadable.swift in Sources */ = {isa = PBXBuildFile; fileRef = 239E996C23C8FA44003BDA1B /* NibOwnerLoadable.swift */; };
		239E996F23C8FA58003BDA1B /* Reusable.swift in Sources */ = {isa = PBXBuildFile; fileRef = 239E996E23C8FA58003BDA1B /* Reusable.swift */; };
		239E997123C8FA84003BDA1B /* UITableView+Reusable.swift in Sources */ = {isa = PBXBuildFile; fileRef = 239E997023C8FA84003BDA1B /* UITableView+Reusable.swift */; };
		239E997323C8FEB1003BDA1B /* GamesTabBarViewController.swift in Sources */ = {isa = PBXBuildFile; fileRef = 239E997223C8FEB1003BDA1B /* GamesTabBarViewController.swift */; };
		239E99B923C90414003BDA1B /* Games.storyboard in Resources */ = {isa = PBXBuildFile; fileRef = 239E99B223C90414003BDA1B /* Games.storyboard */; };
		239E99BA23C90414003BDA1B /* GamesPresenter.swift in Sources */ = {isa = PBXBuildFile; fileRef = 239E99B323C90414003BDA1B /* GamesPresenter.swift */; };
		239E99BB23C90414003BDA1B /* GamesRouter.swift in Sources */ = {isa = PBXBuildFile; fileRef = 239E99B423C90414003BDA1B /* GamesRouter.swift */; };
		239E99BC23C90414003BDA1B /* GamesContracts.swift in Sources */ = {isa = PBXBuildFile; fileRef = 239E99B523C90414003BDA1B /* GamesContracts.swift */; };
		239E99BD23C90414003BDA1B /* GamesViewController.swift in Sources */ = {isa = PBXBuildFile; fileRef = 239E99B623C90414003BDA1B /* GamesViewController.swift */; };
		239E99BE23C90414003BDA1B /* GamesBuilder.swift in Sources */ = {isa = PBXBuildFile; fileRef = 239E99B723C90414003BDA1B /* GamesBuilder.swift */; };
		239E99BF23C90414003BDA1B /* GamesInteractor.swift in Sources */ = {isa = PBXBuildFile; fileRef = 239E99B823C90414003BDA1B /* GamesInteractor.swift */; };
		239E99C923C9052C003BDA1B /* Favorites.storyboard in Resources */ = {isa = PBXBuildFile; fileRef = 239E99C223C9052C003BDA1B /* Favorites.storyboard */; };
		239E99CA23C9052C003BDA1B /* FavoritesPresenter.swift in Sources */ = {isa = PBXBuildFile; fileRef = 239E99C323C9052C003BDA1B /* FavoritesPresenter.swift */; };
		239E99CB23C9052C003BDA1B /* FavoritesRouter.swift in Sources */ = {isa = PBXBuildFile; fileRef = 239E99C423C9052C003BDA1B /* FavoritesRouter.swift */; };
		239E99CC23C9052C003BDA1B /* FavoritesContracts.swift in Sources */ = {isa = PBXBuildFile; fileRef = 239E99C523C9052C003BDA1B /* FavoritesContracts.swift */; };
		239E99CD23C9052C003BDA1B /* FavoritesViewController.swift in Sources */ = {isa = PBXBuildFile; fileRef = 239E99C623C9052C003BDA1B /* FavoritesViewController.swift */; };
		239E99CE23C9052C003BDA1B /* FavoritesBuilder.swift in Sources */ = {isa = PBXBuildFile; fileRef = 239E99C723C9052C003BDA1B /* FavoritesBuilder.swift */; };
		239E99CF23C9052C003BDA1B /* FavoritesInteractor.swift in Sources */ = {isa = PBXBuildFile; fileRef = 239E99C823C9052C003BDA1B /* FavoritesInteractor.swift */; };
		239E99D123C9093D003BDA1B /* Images.swift in Sources */ = {isa = PBXBuildFile; fileRef = 239E99D023C9093D003BDA1B /* Images.swift */; };
		239E99D323C90BF2003BDA1B /* Localization.swift in Sources */ = {isa = PBXBuildFile; fileRef = 239E99D223C90BF2003BDA1B /* Localization.swift */; };
		239E99D723C90FA9003BDA1B /* GamesTableViewCell.swift in Sources */ = {isa = PBXBuildFile; fileRef = 239E99D623C90FA9003BDA1B /* GamesTableViewCell.swift */; };
		239E99D923C9119E003BDA1B /* GamesTableViewCell.xib in Resources */ = {isa = PBXBuildFile; fileRef = 239E99D823C9119E003BDA1B /* GamesTableViewCell.xib */; };
		239E99DB23C9149B003BDA1B /* ReusableCell.swift in Sources */ = {isa = PBXBuildFile; fileRef = 239E99DA23C9149B003BDA1B /* ReusableCell.swift */; };
		239E99DD23C9150B003BDA1B /* GamesTableViewCellViewModel.swift in Sources */ = {isa = PBXBuildFile; fileRef = 239E99DC23C9150B003BDA1B /* GamesTableViewCellViewModel.swift */; };
		239E99DF23C91527003BDA1B /* ReusableCellViewModel.swift in Sources */ = {isa = PBXBuildFile; fileRef = 239E99DE23C91527003BDA1B /* ReusableCellViewModel.swift */; };
		239E99E123C924FD003BDA1B /* Networking.swift in Sources */ = {isa = PBXBuildFile; fileRef = 239E99E023C924FD003BDA1B /* Networking.swift */; };
		239E99E323C9251F003BDA1B /* Routing.swift in Sources */ = {isa = PBXBuildFile; fileRef = 239E99E223C9251F003BDA1B /* Routing.swift */; };
		239E99E523C92554003BDA1B /* NativeNetworking.swift in Sources */ = {isa = PBXBuildFile; fileRef = 239E99E423C92554003BDA1B /* NativeNetworking.swift */; };
		239E99E723C92580003BDA1B /* URLSession.swift in Sources */ = {isa = PBXBuildFile; fileRef = 239E99E623C92580003BDA1B /* URLSession.swift */; };
		239E99EA23C94130003BDA1B /* Game.swift in Sources */ = {isa = PBXBuildFile; fileRef = 239E99E923C94130003BDA1B /* Game.swift */; };
		239E99EC23C941E6003BDA1B /* Genre.swift in Sources */ = {isa = PBXBuildFile; fileRef = 239E99EB23C941E6003BDA1B /* Genre.swift */; };
		239E99EE23C942C6003BDA1B /* GameList.swift in Sources */ = {isa = PBXBuildFile; fileRef = 239E99ED23C942C6003BDA1B /* GameList.swift */; };
		239E99F123C94396003BDA1B /* GameListService.swift in Sources */ = {isa = PBXBuildFile; fileRef = 239E99F023C94396003BDA1B /* GameListService.swift */; };
		239E99F423C9450E003BDA1B /* GameRoute.swift in Sources */ = {isa = PBXBuildFile; fileRef = 239E99F323C9450E003BDA1B /* GameRoute.swift */; };
		239E99F623C9B750003BDA1B /* Service.swift in Sources */ = {isa = PBXBuildFile; fileRef = 239E99F523C9B750003BDA1B /* Service.swift */; };
		239E99FA23C9C93B003BDA1B /* GameCellFactory.swift in Sources */ = {isa = PBXBuildFile; fileRef = 239E99F923C9C93B003BDA1B /* GameCellFactory.swift */; };
		239E99FE23C9E01B003BDA1B /* GameCellFactoryTest.swift in Sources */ = {isa = PBXBuildFile; fileRef = 239E99FD23C9E01B003BDA1B /* GameCellFactoryTest.swift */; };
		239E9A0523CA12FC003BDA1B /* GameSearchService.swift in Sources */ = {isa = PBXBuildFile; fileRef = 239E9A0423CA12FC003BDA1B /* GameSearchService.swift */; };
		239E9A1223CA7DDB003BDA1B /* GameDetails.storyboard in Resources */ = {isa = PBXBuildFile; fileRef = 239E9A0B23CA7DDB003BDA1B /* GameDetails.storyboard */; };
		239E9A1323CA7DDB003BDA1B /* GameDetailsPresenter.swift in Sources */ = {isa = PBXBuildFile; fileRef = 239E9A0C23CA7DDB003BDA1B /* GameDetailsPresenter.swift */; };
		239E9A1423CA7DDB003BDA1B /* GameDetailsRouter.swift in Sources */ = {isa = PBXBuildFile; fileRef = 239E9A0D23CA7DDB003BDA1B /* GameDetailsRouter.swift */; };
		239E9A1523CA7DDB003BDA1B /* GameDetailsContracts.swift in Sources */ = {isa = PBXBuildFile; fileRef = 239E9A0E23CA7DDB003BDA1B /* GameDetailsContracts.swift */; };
		239E9A1623CA7DDB003BDA1B /* GameDetailsViewController.swift in Sources */ = {isa = PBXBuildFile; fileRef = 239E9A0F23CA7DDB003BDA1B /* GameDetailsViewController.swift */; };
		239E9A1723CA7DDB003BDA1B /* GameDetailsBuilder.swift in Sources */ = {isa = PBXBuildFile; fileRef = 239E9A1023CA7DDB003BDA1B /* GameDetailsBuilder.swift */; };
		239E9A1823CA7DDB003BDA1B /* GameDetailsInteractor.swift in Sources */ = {isa = PBXBuildFile; fileRef = 239E9A1123CA7DDB003BDA1B /* GameDetailsInteractor.swift */; };
		239E9A1B23CA8E14003BDA1B /* LocalDataManager.swift in Sources */ = {isa = PBXBuildFile; fileRef = 239E9A1A23CA8E14003BDA1B /* LocalDataManager.swift */; };
		239E9A1D23CB1DAC003BDA1B /* GameDetails.swift in Sources */ = {isa = PBXBuildFile; fileRef = 239E9A1C23CB1DAC003BDA1B /* GameDetails.swift */; };
		239E9A2B23CB254B003BDA1B /* GameDetailsHeaderView.swift in Sources */ = {isa = PBXBuildFile; fileRef = 239E9A2A23CB254B003BDA1B /* GameDetailsHeaderView.swift */; };
		239E9A2D23CB2582003BDA1B /* GameDetailsHeaderViewModel.swift in Sources */ = {isa = PBXBuildFile; fileRef = 239E9A2C23CB2582003BDA1B /* GameDetailsHeaderViewModel.swift */; };
		239E9A2F23CB25D1003BDA1B /* GameDetailsHeaderView.xib in Resources */ = {isa = PBXBuildFile; fileRef = 239E9A2E23CB25D1003BDA1B /* GameDetailsHeaderView.xib */; };
		239E9A3123CB2823003BDA1B /* URLTableViewCell.swift in Sources */ = {isa = PBXBuildFile; fileRef = 239E9A3023CB2823003BDA1B /* URLTableViewCell.swift */; };
		239E9A3323CB2830003BDA1B /* URLTableViewCell.xib in Resources */ = {isa = PBXBuildFile; fileRef = 239E9A3223CB2830003BDA1B /* URLTableViewCell.xib */; };
		239E9A3523CB2840003BDA1B /* URLTableViewCellViewModel.swift in Sources */ = {isa = PBXBuildFile; fileRef = 239E9A3423CB2840003BDA1B /* URLTableViewCellViewModel.swift */; };
		239E9A3723CB2A9E003BDA1B /* DetailsTableViewCell.swift in Sources */ = {isa = PBXBuildFile; fileRef = 239E9A3623CB2A9E003BDA1B /* DetailsTableViewCell.swift */; };
		239E9A3923CB2AC2003BDA1B /* DetailsTableViewCell.xib in Resources */ = {isa = PBXBuildFile; fileRef = 239E9A3823CB2AC2003BDA1B /* DetailsTableViewCell.xib */; };
		239E9A3B23CB2ADC003BDA1B /* DetailsTableViewCellViewModel.swift in Sources */ = {isa = PBXBuildFile; fileRef = 239E9A3A23CB2ADC003BDA1B /* DetailsTableViewCellViewModel.swift */; };
		239E9A3D23CB2F46003BDA1B /* GameDetailsService.swift in Sources */ = {isa = PBXBuildFile; fileRef = 239E9A3C23CB2F46003BDA1B /* GameDetailsService.swift */; };
		239E9A3F23CB3F94003BDA1B /* GameDetailsFactory.swift in Sources */ = {isa = PBXBuildFile; fileRef = 239E9A3E23CB3F94003BDA1B /* GameDetailsFactory.swift */; };
		239E9A4123CB428F003BDA1B /* GameDetailsFactoryTest.swift in Sources */ = {isa = PBXBuildFile; fileRef = 239E9A4023CB428F003BDA1B /* GameDetailsFactoryTest.swift */; };
		239E9A4523CD27B2003BDA1B /* UserDefaultDatabaseTests.swift in Sources */ = {isa = PBXBuildFile; fileRef = 239E9A4423CD27B2003BDA1B /* UserDefaultDatabaseTests.swift */; };
		239E9A4723CD2BAB003BDA1B /* GameListServiceTest.swift in Sources */ = {isa = PBXBuildFile; fileRef = 239E9A4623CD2BAB003BDA1B /* GameListServiceTest.swift */; };
		23EBF2A024A49E8F004B6B7A /* GamesInteractorTest.swift in Sources */ = {isa = PBXBuildFile; fileRef = 23EBF29F24A49E8F004B6B7A /* GamesInteractorTest.swift */; };
		23EBF2A224A49EF8004B6B7A /* GameListServiceMock.swift in Sources */ = {isa = PBXBuildFile; fileRef = 23EBF2A124A49EF8004B6B7A /* GameListServiceMock.swift */; };
		23EBF2A424A49FFD004B6B7A /* GameSearchServiceMock.swift in Sources */ = {isa = PBXBuildFile; fileRef = 23EBF2A324A49FFD004B6B7A /* GameSearchServiceMock.swift */; };
		23EBF2A624A4A432004B6B7A /* GamesPresenterMock.swift in Sources */ = {isa = PBXBuildFile; fileRef = 23EBF2A524A4A432004B6B7A /* GamesPresenterMock.swift */; };
		23F862A024A483E700207DE6 /* HTTPResponseError.swift in Sources */ = {isa = PBXBuildFile; fileRef = 23F8629F24A483E700207DE6 /* HTTPResponseError.swift */; };
		23F862A224A4846100207DE6 /* AlamofireNetworking.swift in Sources */ = {isa = PBXBuildFile; fileRef = 23F862A124A4846100207DE6 /* AlamofireNetworking.swift */; };
		23F862A424A48ADF00207DE6 /* GamesPresenterTest.swift in Sources */ = {isa = PBXBuildFile; fileRef = 23F862A324A48ADF00207DE6 /* GamesPresenterTest.swift */; };
		23F862A824A48B8E00207DE6 /* GamesViewMock.swift in Sources */ = {isa = PBXBuildFile; fileRef = 23F862A724A48B8E00207DE6 /* GamesViewMock.swift */; };
		23F862AA24A48BCE00207DE6 /* GamesInteractorMock.swift in Sources */ = {isa = PBXBuildFile; fileRef = 23F862A924A48BCE00207DE6 /* GamesInteractorMock.swift */; };
		23F862AC24A48C4700207DE6 /* GamesRouterMock.swift in Sources */ = {isa = PBXBuildFile; fileRef = 23F862AB24A48C4700207DE6 /* GamesRouterMock.swift */; };
		23F862AE24A48CB800207DE6 /* GamesCellFactoryMock.swift in Sources */ = {isa = PBXBuildFile; fileRef = 23F862AD24A48CB800207DE6 /* GamesCellFactoryMock.swift */; };
/* End PBXBuildFile section */

/* Begin PBXContainerItemProxy section */
		239E995623C8F4E7003BDA1B /* PBXContainerItemProxy */ = {
			isa = PBXContainerItemProxy;
			containerPortal = 239E993723C8F4E7003BDA1B /* Project object */;
			proxyType = 1;
			remoteGlobalIDString = 239E993E23C8F4E7003BDA1B;
			remoteInfo = Games;
		};
/* End PBXContainerItemProxy section */

/* Begin PBXFileReference section */
		23912F0624A5B9D6000D2949 /* RootViewBuilder.swift */ = {isa = PBXFileReference; lastKnownFileType = sourcecode.swift; path = RootViewBuilder.swift; sourceTree = "<group>"; };
		239E993F23C8F4E7003BDA1B /* Games.app */ = {isa = PBXFileReference; explicitFileType = wrapper.application; includeInIndex = 0; path = Games.app; sourceTree = BUILT_PRODUCTS_DIR; };
		239E994223C8F4E7003BDA1B /* AppDelegate.swift */ = {isa = PBXFileReference; lastKnownFileType = sourcecode.swift; path = AppDelegate.swift; sourceTree = "<group>"; };
		239E994423C8F4E7003BDA1B /* SceneDelegate.swift */ = {isa = PBXFileReference; lastKnownFileType = sourcecode.swift; path = SceneDelegate.swift; sourceTree = "<group>"; };
		239E994B23C8F4E7003BDA1B /* Assets.xcassets */ = {isa = PBXFileReference; lastKnownFileType = folder.assetcatalog; path = Assets.xcassets; sourceTree = "<group>"; };
		239E994E23C8F4E7003BDA1B /* Base */ = {isa = PBXFileReference; lastKnownFileType = file.storyboard; name = Base; path = Base.lproj/LaunchScreen.storyboard; sourceTree = "<group>"; };
		239E995023C8F4E7003BDA1B /* Info.plist */ = {isa = PBXFileReference; lastKnownFileType = text.plist.xml; path = Info.plist; sourceTree = "<group>"; };
		239E995523C8F4E7003BDA1B /* GamesTests.xctest */ = {isa = PBXFileReference; explicitFileType = wrapper.cfbundle; includeInIndex = 0; path = GamesTests.xctest; sourceTree = BUILT_PRODUCTS_DIR; };
		239E995923C8F4E7003BDA1B /* GamesTests.swift */ = {isa = PBXFileReference; lastKnownFileType = sourcecode.swift; path = GamesTests.swift; sourceTree = "<group>"; };
		239E995B23C8F4E7003BDA1B /* Info.plist */ = {isa = PBXFileReference; lastKnownFileType = text.plist.xml; path = Info.plist; sourceTree = "<group>"; };
		239E996A23C8FA1B003BDA1B /* NIBLoadable.swift */ = {isa = PBXFileReference; lastKnownFileType = sourcecode.swift; path = NIBLoadable.swift; sourceTree = "<group>"; };
		239E996C23C8FA44003BDA1B /* NibOwnerLoadable.swift */ = {isa = PBXFileReference; lastKnownFileType = sourcecode.swift; path = NibOwnerLoadable.swift; sourceTree = "<group>"; };
		239E996E23C8FA58003BDA1B /* Reusable.swift */ = {isa = PBXFileReference; lastKnownFileType = sourcecode.swift; path = Reusable.swift; sourceTree = "<group>"; };
		239E997023C8FA84003BDA1B /* UITableView+Reusable.swift */ = {isa = PBXFileReference; lastKnownFileType = sourcecode.swift; path = "UITableView+Reusable.swift"; sourceTree = "<group>"; };
		239E997223C8FEB1003BDA1B /* GamesTabBarViewController.swift */ = {isa = PBXFileReference; lastKnownFileType = sourcecode.swift; path = GamesTabBarViewController.swift; sourceTree = "<group>"; };
		239E99B223C90414003BDA1B /* Games.storyboard */ = {isa = PBXFileReference; lastKnownFileType = file.storyboard; path = Games.storyboard; sourceTree = "<group>"; };
		239E99B323C90414003BDA1B /* GamesPresenter.swift */ = {isa = PBXFileReference; lastKnownFileType = sourcecode.swift; path = GamesPresenter.swift; sourceTree = "<group>"; };
		239E99B423C90414003BDA1B /* GamesRouter.swift */ = {isa = PBXFileReference; lastKnownFileType = sourcecode.swift; path = GamesRouter.swift; sourceTree = "<group>"; };
		239E99B523C90414003BDA1B /* GamesContracts.swift */ = {isa = PBXFileReference; lastKnownFileType = sourcecode.swift; path = GamesContracts.swift; sourceTree = "<group>"; };
		239E99B623C90414003BDA1B /* GamesViewController.swift */ = {isa = PBXFileReference; lastKnownFileType = sourcecode.swift; path = GamesViewController.swift; sourceTree = "<group>"; };
		239E99B723C90414003BDA1B /* GamesBuilder.swift */ = {isa = PBXFileReference; lastKnownFileType = sourcecode.swift; path = GamesBuilder.swift; sourceTree = "<group>"; };
		239E99B823C90414003BDA1B /* GamesInteractor.swift */ = {isa = PBXFileReference; lastKnownFileType = sourcecode.swift; path = GamesInteractor.swift; sourceTree = "<group>"; };
		239E99C223C9052C003BDA1B /* Favorites.storyboard */ = {isa = PBXFileReference; lastKnownFileType = file.storyboard; path = Favorites.storyboard; sourceTree = "<group>"; };
		239E99C323C9052C003BDA1B /* FavoritesPresenter.swift */ = {isa = PBXFileReference; lastKnownFileType = sourcecode.swift; path = FavoritesPresenter.swift; sourceTree = "<group>"; };
		239E99C423C9052C003BDA1B /* FavoritesRouter.swift */ = {isa = PBXFileReference; lastKnownFileType = sourcecode.swift; path = FavoritesRouter.swift; sourceTree = "<group>"; };
		239E99C523C9052C003BDA1B /* FavoritesContracts.swift */ = {isa = PBXFileReference; lastKnownFileType = sourcecode.swift; path = FavoritesContracts.swift; sourceTree = "<group>"; };
		239E99C623C9052C003BDA1B /* FavoritesViewController.swift */ = {isa = PBXFileReference; lastKnownFileType = sourcecode.swift; path = FavoritesViewController.swift; sourceTree = "<group>"; };
		239E99C723C9052C003BDA1B /* FavoritesBuilder.swift */ = {isa = PBXFileReference; lastKnownFileType = sourcecode.swift; path = FavoritesBuilder.swift; sourceTree = "<group>"; };
		239E99C823C9052C003BDA1B /* FavoritesInteractor.swift */ = {isa = PBXFileReference; lastKnownFileType = sourcecode.swift; path = FavoritesInteractor.swift; sourceTree = "<group>"; };
		239E99D023C9093D003BDA1B /* Images.swift */ = {isa = PBXFileReference; lastKnownFileType = sourcecode.swift; path = Images.swift; sourceTree = "<group>"; };
		239E99D223C90BF2003BDA1B /* Localization.swift */ = {isa = PBXFileReference; lastKnownFileType = sourcecode.swift; path = Localization.swift; sourceTree = "<group>"; };
		239E99D623C90FA9003BDA1B /* GamesTableViewCell.swift */ = {isa = PBXFileReference; lastKnownFileType = sourcecode.swift; path = GamesTableViewCell.swift; sourceTree = "<group>"; };
		239E99D823C9119E003BDA1B /* GamesTableViewCell.xib */ = {isa = PBXFileReference; lastKnownFileType = file.xib; path = GamesTableViewCell.xib; sourceTree = "<group>"; };
		239E99DA23C9149B003BDA1B /* ReusableCell.swift */ = {isa = PBXFileReference; lastKnownFileType = sourcecode.swift; path = ReusableCell.swift; sourceTree = "<group>"; };
		239E99DC23C9150B003BDA1B /* GamesTableViewCellViewModel.swift */ = {isa = PBXFileReference; lastKnownFileType = sourcecode.swift; path = GamesTableViewCellViewModel.swift; sourceTree = "<group>"; };
		239E99DE23C91527003BDA1B /* ReusableCellViewModel.swift */ = {isa = PBXFileReference; lastKnownFileType = sourcecode.swift; path = ReusableCellViewModel.swift; sourceTree = "<group>"; };
		239E99E023C924FD003BDA1B /* Networking.swift */ = {isa = PBXFileReference; lastKnownFileType = sourcecode.swift; path = Networking.swift; sourceTree = "<group>"; };
		239E99E223C9251F003BDA1B /* Routing.swift */ = {isa = PBXFileReference; lastKnownFileType = sourcecode.swift; path = Routing.swift; sourceTree = "<group>"; };
		239E99E423C92554003BDA1B /* NativeNetworking.swift */ = {isa = PBXFileReference; lastKnownFileType = sourcecode.swift; path = NativeNetworking.swift; sourceTree = "<group>"; };
		239E99E623C92580003BDA1B /* URLSession.swift */ = {isa = PBXFileReference; lastKnownFileType = sourcecode.swift; path = URLSession.swift; sourceTree = "<group>"; };
		239E99E923C94130003BDA1B /* Game.swift */ = {isa = PBXFileReference; lastKnownFileType = sourcecode.swift; path = Game.swift; sourceTree = "<group>"; };
		239E99EB23C941E6003BDA1B /* Genre.swift */ = {isa = PBXFileReference; lastKnownFileType = sourcecode.swift; path = Genre.swift; sourceTree = "<group>"; };
		239E99ED23C942C6003BDA1B /* GameList.swift */ = {isa = PBXFileReference; lastKnownFileType = sourcecode.swift; path = GameList.swift; sourceTree = "<group>"; };
		239E99F023C94396003BDA1B /* GameListService.swift */ = {isa = PBXFileReference; lastKnownFileType = sourcecode.swift; path = GameListService.swift; sourceTree = "<group>"; };
		239E99F323C9450E003BDA1B /* GameRoute.swift */ = {isa = PBXFileReference; lastKnownFileType = sourcecode.swift; path = GameRoute.swift; sourceTree = "<group>"; };
		239E99F523C9B750003BDA1B /* Service.swift */ = {isa = PBXFileReference; lastKnownFileType = sourcecode.swift; path = Service.swift; sourceTree = "<group>"; };
		239E99F923C9C93B003BDA1B /* GameCellFactory.swift */ = {isa = PBXFileReference; lastKnownFileType = sourcecode.swift; path = GameCellFactory.swift; sourceTree = "<group>"; };
		239E99FD23C9E01B003BDA1B /* GameCellFactoryTest.swift */ = {isa = PBXFileReference; lastKnownFileType = sourcecode.swift; path = GameCellFactoryTest.swift; sourceTree = "<group>"; };
		239E9A0423CA12FC003BDA1B /* GameSearchService.swift */ = {isa = PBXFileReference; lastKnownFileType = sourcecode.swift; path = GameSearchService.swift; sourceTree = "<group>"; };
		239E9A0B23CA7DDB003BDA1B /* GameDetails.storyboard */ = {isa = PBXFileReference; lastKnownFileType = file.storyboard; path = GameDetails.storyboard; sourceTree = "<group>"; };
		239E9A0C23CA7DDB003BDA1B /* GameDetailsPresenter.swift */ = {isa = PBXFileReference; lastKnownFileType = sourcecode.swift; path = GameDetailsPresenter.swift; sourceTree = "<group>"; };
		239E9A0D23CA7DDB003BDA1B /* GameDetailsRouter.swift */ = {isa = PBXFileReference; lastKnownFileType = sourcecode.swift; path = GameDetailsRouter.swift; sourceTree = "<group>"; };
		239E9A0E23CA7DDB003BDA1B /* GameDetailsContracts.swift */ = {isa = PBXFileReference; lastKnownFileType = sourcecode.swift; path = GameDetailsContracts.swift; sourceTree = "<group>"; };
		239E9A0F23CA7DDB003BDA1B /* GameDetailsViewController.swift */ = {isa = PBXFileReference; lastKnownFileType = sourcecode.swift; path = GameDetailsViewController.swift; sourceTree = "<group>"; };
		239E9A1023CA7DDB003BDA1B /* GameDetailsBuilder.swift */ = {isa = PBXFileReference; lastKnownFileType = sourcecode.swift; path = GameDetailsBuilder.swift; sourceTree = "<group>"; };
		239E9A1123CA7DDB003BDA1B /* GameDetailsInteractor.swift */ = {isa = PBXFileReference; lastKnownFileType = sourcecode.swift; path = GameDetailsInteractor.swift; sourceTree = "<group>"; };
		239E9A1A23CA8E14003BDA1B /* LocalDataManager.swift */ = {isa = PBXFileReference; lastKnownFileType = sourcecode.swift; path = LocalDataManager.swift; sourceTree = "<group>"; };
		239E9A1C23CB1DAC003BDA1B /* GameDetails.swift */ = {isa = PBXFileReference; lastKnownFileType = sourcecode.swift; path = GameDetails.swift; sourceTree = "<group>"; };
		239E9A2A23CB254B003BDA1B /* GameDetailsHeaderView.swift */ = {isa = PBXFileReference; lastKnownFileType = sourcecode.swift; path = GameDetailsHeaderView.swift; sourceTree = "<group>"; };
		239E9A2C23CB2582003BDA1B /* GameDetailsHeaderViewModel.swift */ = {isa = PBXFileReference; lastKnownFileType = sourcecode.swift; path = GameDetailsHeaderViewModel.swift; sourceTree = "<group>"; };
		239E9A2E23CB25D1003BDA1B /* GameDetailsHeaderView.xib */ = {isa = PBXFileReference; lastKnownFileType = file.xib; path = GameDetailsHeaderView.xib; sourceTree = "<group>"; };
		239E9A3023CB2823003BDA1B /* URLTableViewCell.swift */ = {isa = PBXFileReference; lastKnownFileType = sourcecode.swift; path = URLTableViewCell.swift; sourceTree = "<group>"; };
		239E9A3223CB2830003BDA1B /* URLTableViewCell.xib */ = {isa = PBXFileReference; lastKnownFileType = file.xib; path = URLTableViewCell.xib; sourceTree = "<group>"; };
		239E9A3423CB2840003BDA1B /* URLTableViewCellViewModel.swift */ = {isa = PBXFileReference; lastKnownFileType = sourcecode.swift; path = URLTableViewCellViewModel.swift; sourceTree = "<group>"; };
		239E9A3623CB2A9E003BDA1B /* DetailsTableViewCell.swift */ = {isa = PBXFileReference; lastKnownFileType = sourcecode.swift; path = DetailsTableViewCell.swift; sourceTree = "<group>"; };
		239E9A3823CB2AC2003BDA1B /* DetailsTableViewCell.xib */ = {isa = PBXFileReference; lastKnownFileType = file.xib; path = DetailsTableViewCell.xib; sourceTree = "<group>"; };
		239E9A3A23CB2ADC003BDA1B /* DetailsTableViewCellViewModel.swift */ = {isa = PBXFileReference; lastKnownFileType = sourcecode.swift; path = DetailsTableViewCellViewModel.swift; sourceTree = "<group>"; };
		239E9A3C23CB2F46003BDA1B /* GameDetailsService.swift */ = {isa = PBXFileReference; lastKnownFileType = sourcecode.swift; path = GameDetailsService.swift; sourceTree = "<group>"; };
		239E9A3E23CB3F94003BDA1B /* GameDetailsFactory.swift */ = {isa = PBXFileReference; lastKnownFileType = sourcecode.swift; path = GameDetailsFactory.swift; sourceTree = "<group>"; };
		239E9A4023CB428F003BDA1B /* GameDetailsFactoryTest.swift */ = {isa = PBXFileReference; lastKnownFileType = sourcecode.swift; path = GameDetailsFactoryTest.swift; sourceTree = "<group>"; };
		239E9A4423CD27B2003BDA1B /* UserDefaultDatabaseTests.swift */ = {isa = PBXFileReference; lastKnownFileType = sourcecode.swift; path = UserDefaultDatabaseTests.swift; sourceTree = "<group>"; };
		239E9A4623CD2BAB003BDA1B /* GameListServiceTest.swift */ = {isa = PBXFileReference; lastKnownFileType = sourcecode.swift; path = GameListServiceTest.swift; sourceTree = "<group>"; };
		23EBF29F24A49E8F004B6B7A /* GamesInteractorTest.swift */ = {isa = PBXFileReference; lastKnownFileType = sourcecode.swift; path = GamesInteractorTest.swift; sourceTree = "<group>"; };
		23EBF2A124A49EF8004B6B7A /* GameListServiceMock.swift */ = {isa = PBXFileReference; lastKnownFileType = sourcecode.swift; path = GameListServiceMock.swift; sourceTree = "<group>"; };
		23EBF2A324A49FFD004B6B7A /* GameSearchServiceMock.swift */ = {isa = PBXFileReference; lastKnownFileType = sourcecode.swift; path = GameSearchServiceMock.swift; sourceTree = "<group>"; };
		23EBF2A524A4A432004B6B7A /* GamesPresenterMock.swift */ = {isa = PBXFileReference; lastKnownFileType = sourcecode.swift; path = GamesPresenterMock.swift; sourceTree = "<group>"; };
		23F8629F24A483E700207DE6 /* HTTPResponseError.swift */ = {isa = PBXFileReference; lastKnownFileType = sourcecode.swift; path = HTTPResponseError.swift; sourceTree = "<group>"; };
		23F862A124A4846100207DE6 /* AlamofireNetworking.swift */ = {isa = PBXFileReference; lastKnownFileType = sourcecode.swift; path = AlamofireNetworking.swift; sourceTree = "<group>"; };
		23F862A324A48ADF00207DE6 /* GamesPresenterTest.swift */ = {isa = PBXFileReference; lastKnownFileType = sourcecode.swift; path = GamesPresenterTest.swift; sourceTree = "<group>"; };
		23F862A724A48B8E00207DE6 /* GamesViewMock.swift */ = {isa = PBXFileReference; lastKnownFileType = sourcecode.swift; path = GamesViewMock.swift; sourceTree = "<group>"; };
		23F862A924A48BCE00207DE6 /* GamesInteractorMock.swift */ = {isa = PBXFileReference; lastKnownFileType = sourcecode.swift; path = GamesInteractorMock.swift; sourceTree = "<group>"; };
		23F862AB24A48C4700207DE6 /* GamesRouterMock.swift */ = {isa = PBXFileReference; lastKnownFileType = sourcecode.swift; path = GamesRouterMock.swift; sourceTree = "<group>"; };
		23F862AD24A48CB800207DE6 /* GamesCellFactoryMock.swift */ = {isa = PBXFileReference; lastKnownFileType = sourcecode.swift; path = GamesCellFactoryMock.swift; sourceTree = "<group>"; };
/* End PBXFileReference section */

/* Begin PBXFrameworksBuildPhase section */
		239E993C23C8F4E7003BDA1B /* Frameworks */ = {
			isa = PBXFrameworksBuildPhase;
			buildActionMask = 2147483647;
			files = (
				238BFDEC24A36BDD007043A7 /* Nuke in Frameworks */,
				238BFDF224A3778E007043A7 /* Alamofire in Frameworks */,
			);
			runOnlyForDeploymentPostprocessing = 0;
		};
		239E995223C8F4E7003BDA1B /* Frameworks */ = {
			isa = PBXFrameworksBuildPhase;
			buildActionMask = 2147483647;
			files = (
			);
			runOnlyForDeploymentPostprocessing = 0;
		};
/* End PBXFrameworksBuildPhase section */

/* Begin PBXGroup section */
		239E993623C8F4E7003BDA1B = {
			isa = PBXGroup;
			children = (
				239E994123C8F4E7003BDA1B /* Games */,
				239E995823C8F4E7003BDA1B /* GamesTests */,
				239E994023C8F4E7003BDA1B /* Products */,
			);
			sourceTree = "<group>";
		};
		239E994023C8F4E7003BDA1B /* Products */ = {
			isa = PBXGroup;
			children = (
				239E993F23C8F4E7003BDA1B /* Games.app */,
				239E995523C8F4E7003BDA1B /* GamesTests.xctest */,
			);
			name = Products;
			sourceTree = "<group>";
		};
		239E994123C8F4E7003BDA1B /* Games */ = {
			isa = PBXGroup;
			children = (
				239E9A1923CA8DEC003BDA1B /* Database */,
				239E99F223C944FF003BDA1B /* Routes */,
				239E99EF23C94385003BDA1B /* Services */,
				239E99E823C940EE003BDA1B /* DomainModels */,
				239E99C023C90499003BDA1B /* Networking */,
				239E999323C90398003BDA1B /* Scenes */,
				239E99D423C90CC6003BDA1B /* Utils */,
				239E994223C8F4E7003BDA1B /* AppDelegate.swift */,
				239E994423C8F4E7003BDA1B /* SceneDelegate.swift */,
				23912F0624A5B9D6000D2949 /* RootViewBuilder.swift */,
				239E994B23C8F4E7003BDA1B /* Assets.xcassets */,
				239E994D23C8F4E7003BDA1B /* LaunchScreen.storyboard */,
				239E995023C8F4E7003BDA1B /* Info.plist */,
			);
			path = Games;
			sourceTree = "<group>";
		};
		239E995823C8F4E7003BDA1B /* GamesTests */ = {
			isa = PBXGroup;
			children = (
				23F862A524A48B6600207DE6 /* GamesScene */,
				239E99FD23C9E01B003BDA1B /* GameCellFactoryTest.swift */,
				239E9A4023CB428F003BDA1B /* GameDetailsFactoryTest.swift */,
				239E9A4423CD27B2003BDA1B /* UserDefaultDatabaseTests.swift */,
				239E9A4623CD2BAB003BDA1B /* GameListServiceTest.swift */,
				239E995923C8F4E7003BDA1B /* GamesTests.swift */,
				239E995B23C8F4E7003BDA1B /* Info.plist */,
			);
			path = GamesTests;
			sourceTree = "<group>";
		};
		239E996423C8F5F3003BDA1B /* Extensions */ = {
			isa = PBXGroup;
			children = (
				239E997023C8FA84003BDA1B /* UITableView+Reusable.swift */,
				239E99E623C92580003BDA1B /* URLSession.swift */,
			);
			path = Extensions;
			sourceTree = "<group>";
		};
		239E996923C8FA0E003BDA1B /* ReusableView */ = {
			isa = PBXGroup;
			children = (
				239E996A23C8FA1B003BDA1B /* NIBLoadable.swift */,
				239E996C23C8FA44003BDA1B /* NibOwnerLoadable.swift */,
				239E996E23C8FA58003BDA1B /* Reusable.swift */,
				239E99DA23C9149B003BDA1B /* ReusableCell.swift */,
				239E99DE23C91527003BDA1B /* ReusableCellViewModel.swift */,
			);
			path = ReusableView;
			sourceTree = "<group>";
		};
		239E999323C90398003BDA1B /* Scenes */ = {
			isa = PBXGroup;
			children = (
				239E99A323C903E1003BDA1B /* GamesScene */,
				239E99C123C90516003BDA1B /* FavoritesScene */,
				239E9A0A23CA7DC0003BDA1B /* GameDetails */,
				239E997223C8FEB1003BDA1B /* GamesTabBarViewController.swift */,
			);
			path = Scenes;
			sourceTree = "<group>";
		};
		239E99A323C903E1003BDA1B /* GamesScene */ = {
			isa = PBXGroup;
			children = (
				239E99D523C90F91003BDA1B /* Cell */,
				239E99B223C90414003BDA1B /* Games.storyboard */,
				239E99B323C90414003BDA1B /* GamesPresenter.swift */,
				239E99B423C90414003BDA1B /* GamesRouter.swift */,
				239E99B523C90414003BDA1B /* GamesContracts.swift */,
				239E99B623C90414003BDA1B /* GamesViewController.swift */,
				239E99B723C90414003BDA1B /* GamesBuilder.swift */,
				239E99B823C90414003BDA1B /* GamesInteractor.swift */,
				239E99F923C9C93B003BDA1B /* GameCellFactory.swift */,
			);
			path = GamesScene;
			sourceTree = "<group>";
		};
		239E99C023C90499003BDA1B /* Networking */ = {
			isa = PBXGroup;
			children = (
				239E99E023C924FD003BDA1B /* Networking.swift */,
				239E99E223C9251F003BDA1B /* Routing.swift */,
				239E99E423C92554003BDA1B /* NativeNetworking.swift */,
				23F8629F24A483E700207DE6 /* HTTPResponseError.swift */,
				23F862A124A4846100207DE6 /* AlamofireNetworking.swift */,
			);
			path = Networking;
			sourceTree = "<group>";
		};
		239E99C123C90516003BDA1B /* FavoritesScene */ = {
			isa = PBXGroup;
			children = (
				239E99C223C9052C003BDA1B /* Favorites.storyboard */,
				239E99C323C9052C003BDA1B /* FavoritesPresenter.swift */,
				239E99C423C9052C003BDA1B /* FavoritesRouter.swift */,
				239E99C523C9052C003BDA1B /* FavoritesContracts.swift */,
				239E99C623C9052C003BDA1B /* FavoritesViewController.swift */,
				239E99C723C9052C003BDA1B /* FavoritesBuilder.swift */,
				239E99C823C9052C003BDA1B /* FavoritesInteractor.swift */,
			);
			path = FavoritesScene;
			sourceTree = "<group>";
		};
		239E99D423C90CC6003BDA1B /* Utils */ = {
			isa = PBXGroup;
			children = (
				239E996423C8F5F3003BDA1B /* Extensions */,
				239E996923C8FA0E003BDA1B /* ReusableView */,
				239E99D023C9093D003BDA1B /* Images.swift */,
				239E99D223C90BF2003BDA1B /* Localization.swift */,
			);
			path = Utils;
			sourceTree = "<group>";
		};
		239E99D523C90F91003BDA1B /* Cell */ = {
			isa = PBXGroup;
			children = (
				239E99D623C90FA9003BDA1B /* GamesTableViewCell.swift */,
				239E99D823C9119E003BDA1B /* GamesTableViewCell.xib */,
				239E99DC23C9150B003BDA1B /* GamesTableViewCellViewModel.swift */,
			);
			path = Cell;
			sourceTree = "<group>";
		};
		239E99E823C940EE003BDA1B /* DomainModels */ = {
			isa = PBXGroup;
			children = (
				239E99ED23C942C6003BDA1B /* GameList.swift */,
				239E99E923C94130003BDA1B /* Game.swift */,
				239E99EB23C941E6003BDA1B /* Genre.swift */,
				239E9A1C23CB1DAC003BDA1B /* GameDetails.swift */,
			);
			path = DomainModels;
			sourceTree = "<group>";
		};
		239E99EF23C94385003BDA1B /* Services */ = {
			isa = PBXGroup;
			children = (
				239E99F023C94396003BDA1B /* GameListService.swift */,
				239E9A0423CA12FC003BDA1B /* GameSearchService.swift */,
				239E99F523C9B750003BDA1B /* Service.swift */,
				239E9A3C23CB2F46003BDA1B /* GameDetailsService.swift */,
			);
			path = Services;
			sourceTree = "<group>";
		};
		239E99F223C944FF003BDA1B /* Routes */ = {
			isa = PBXGroup;
			children = (
				239E99F323C9450E003BDA1B /* GameRoute.swift */,
			);
			path = Routes;
			sourceTree = "<group>";
		};
		239E9A0A23CA7DC0003BDA1B /* GameDetails */ = {
			isa = PBXGroup;
			children = (
				239E9A1E23CB1FEA003BDA1B /* Cells */,
				239E9A0B23CA7DDB003BDA1B /* GameDetails.storyboard */,
				239E9A0C23CA7DDB003BDA1B /* GameDetailsPresenter.swift */,
				239E9A0D23CA7DDB003BDA1B /* GameDetailsRouter.swift */,
				239E9A0E23CA7DDB003BDA1B /* GameDetailsContracts.swift */,
				239E9A0F23CA7DDB003BDA1B /* GameDetailsViewController.swift */,
				239E9A1023CA7DDB003BDA1B /* GameDetailsBuilder.swift */,
				239E9A1123CA7DDB003BDA1B /* GameDetailsInteractor.swift */,
			);
			path = GameDetails;
			sourceTree = "<group>";
		};
		239E9A1923CA8DEC003BDA1B /* Database */ = {
			isa = PBXGroup;
			children = (
				239E9A1A23CA8E14003BDA1B /* LocalDataManager.swift */,
			);
			path = Database;
			sourceTree = "<group>";
		};
		239E9A1E23CB1FEA003BDA1B /* Cells */ = {
			isa = PBXGroup;
			children = (
				239E9A2923CB23CB003BDA1B /* URLCell */,
				239E9A2623CB23B0003BDA1B /* DetailsCell */,
				239E9A2523CB2396003BDA1B /* HeaderView */,
				239E9A3E23CB3F94003BDA1B /* GameDetailsFactory.swift */,
			);
			path = Cells;
			sourceTree = "<group>";
		};
		239E9A2523CB2396003BDA1B /* HeaderView */ = {
			isa = PBXGroup;
			children = (
				239E9A2A23CB254B003BDA1B /* GameDetailsHeaderView.swift */,
				239E9A2C23CB2582003BDA1B /* GameDetailsHeaderViewModel.swift */,
				239E9A2E23CB25D1003BDA1B /* GameDetailsHeaderView.xib */,
			);
			path = HeaderView;
			sourceTree = "<group>";
		};
		239E9A2623CB23B0003BDA1B /* DetailsCell */ = {
			isa = PBXGroup;
			children = (
				239E9A3623CB2A9E003BDA1B /* DetailsTableViewCell.swift */,
				239E9A3823CB2AC2003BDA1B /* DetailsTableViewCell.xib */,
				239E9A3A23CB2ADC003BDA1B /* DetailsTableViewCellViewModel.swift */,
			);
			path = DetailsCell;
			sourceTree = "<group>";
		};
		239E9A2923CB23CB003BDA1B /* URLCell */ = {
			isa = PBXGroup;
			children = (
				239E9A3023CB2823003BDA1B /* URLTableViewCell.swift */,
				239E9A3223CB2830003BDA1B /* URLTableViewCell.xib */,
				239E9A3423CB2840003BDA1B /* URLTableViewCellViewModel.swift */,
			);
			path = URLCell;
			sourceTree = "<group>";
		};
		23F862A524A48B6600207DE6 /* GamesScene */ = {
			isa = PBXGroup;
			children = (
				23F862A624A48B7000207DE6 /* Mocks */,
				23F862A324A48ADF00207DE6 /* GamesPresenterTest.swift */,
				23EBF29F24A49E8F004B6B7A /* GamesInteractorTest.swift */,
			);
			path = GamesScene;
			sourceTree = "<group>";
		};
		23F862A624A48B7000207DE6 /* Mocks */ = {
			isa = PBXGroup;
			children = (
				23F862A724A48B8E00207DE6 /* GamesViewMock.swift */,
				23F862A924A48BCE00207DE6 /* GamesInteractorMock.swift */,
				23F862AB24A48C4700207DE6 /* GamesRouterMock.swift */,
				23F862AD24A48CB800207DE6 /* GamesCellFactoryMock.swift */,
				23EBF2A124A49EF8004B6B7A /* GameListServiceMock.swift */,
				23EBF2A324A49FFD004B6B7A /* GameSearchServiceMock.swift */,
				23EBF2A524A4A432004B6B7A /* GamesPresenterMock.swift */,
			);
			path = Mocks;
			sourceTree = "<group>";
		};
/* End PBXGroup section */

/* Begin PBXNativeTarget section */
		239E993E23C8F4E7003BDA1B /* Games */ = {
			isa = PBXNativeTarget;
			buildConfigurationList = 239E995E23C8F4E7003BDA1B /* Build configuration list for PBXNativeTarget "Games" */;
			buildPhases = (
				239E993B23C8F4E7003BDA1B /* Sources */,
				239E993C23C8F4E7003BDA1B /* Frameworks */,
				239E993D23C8F4E7003BDA1B /* Resources */,
			);
			buildRules = (
			);
			dependencies = (
			);
			name = Games;
			packageProductDependencies = (
				238BFDEB24A36BDD007043A7 /* Nuke */,
				238BFDF124A3778E007043A7 /* Alamofire */,
			);
			productName = Games;
			productReference = 239E993F23C8F4E7003BDA1B /* Games.app */;
			productType = "com.apple.product-type.application";
		};
		239E995423C8F4E7003BDA1B /* GamesTests */ = {
			isa = PBXNativeTarget;
			buildConfigurationList = 239E996123C8F4E7003BDA1B /* Build configuration list for PBXNativeTarget "GamesTests" */;
			buildPhases = (
				239E995123C8F4E7003BDA1B /* Sources */,
				239E995223C8F4E7003BDA1B /* Frameworks */,
				239E995323C8F4E7003BDA1B /* Resources */,
			);
			buildRules = (
			);
			dependencies = (
				239E995723C8F4E7003BDA1B /* PBXTargetDependency */,
			);
			name = GamesTests;
			productName = GamesTests;
			productReference = 239E995523C8F4E7003BDA1B /* GamesTests.xctest */;
			productType = "com.apple.product-type.bundle.unit-test";
		};
/* End PBXNativeTarget section */

/* Begin PBXProject section */
		239E993723C8F4E7003BDA1B /* Project object */ = {
			isa = PBXProject;
			attributes = {
				LastSwiftUpdateCheck = 1130;
				LastUpgradeCheck = 1130;
				ORGANIZATIONNAME = "Gungor Basa";
				TargetAttributes = {
					239E993E23C8F4E7003BDA1B = {
						CreatedOnToolsVersion = 11.3;
					};
					239E995423C8F4E7003BDA1B = {
						CreatedOnToolsVersion = 11.3;
						TestTargetID = 239E993E23C8F4E7003BDA1B;
					};
				};
			};
			buildConfigurationList = 239E993A23C8F4E7003BDA1B /* Build configuration list for PBXProject "Games" */;
			compatibilityVersion = "Xcode 9.3";
			developmentRegion = en;
			hasScannedForEncodings = 0;
			knownRegions = (
				en,
				Base,
			);
			mainGroup = 239E993623C8F4E7003BDA1B;
			packageReferences = (
				238BFDEA24A36BDC007043A7 /* XCRemoteSwiftPackageReference "Nuke" */,
				238BFDF024A3778E007043A7 /* XCRemoteSwiftPackageReference "Alamofire" */,
			);
			productRefGroup = 239E994023C8F4E7003BDA1B /* Products */;
			projectDirPath = "";
			projectRoot = "";
			targets = (
				239E993E23C8F4E7003BDA1B /* Games */,
				239E995423C8F4E7003BDA1B /* GamesTests */,
			);
		};
/* End PBXProject section */

/* Begin PBXResourcesBuildPhase section */
		239E993D23C8F4E7003BDA1B /* Resources */ = {
			isa = PBXResourcesBuildPhase;
			buildActionMask = 2147483647;
			files = (
				239E99B923C90414003BDA1B /* Games.storyboard in Resources */,
				239E9A1223CA7DDB003BDA1B /* GameDetails.storyboard in Resources */,
				239E99D923C9119E003BDA1B /* GamesTableViewCell.xib in Resources */,
				239E9A3323CB2830003BDA1B /* URLTableViewCell.xib in Resources */,
				239E994F23C8F4E7003BDA1B /* LaunchScreen.storyboard in Resources */,
				239E9A3923CB2AC2003BDA1B /* DetailsTableViewCell.xib in Resources */,
				239E99C923C9052C003BDA1B /* Favorites.storyboard in Resources */,
				239E9A2F23CB25D1003BDA1B /* GameDetailsHeaderView.xib in Resources */,
				239E994C23C8F4E7003BDA1B /* Assets.xcassets in Resources */,
			);
			runOnlyForDeploymentPostprocessing = 0;
		};
		239E995323C8F4E7003BDA1B /* Resources */ = {
			isa = PBXResourcesBuildPhase;
			buildActionMask = 2147483647;
			files = (
			);
			runOnlyForDeploymentPostprocessing = 0;
		};
/* End PBXResourcesBuildPhase section */

/* Begin PBXSourcesBuildPhase section */
		239E993B23C8F4E7003BDA1B /* Sources */ = {
			isa = PBXSourcesBuildPhase;
			buildActionMask = 2147483647;
			files = (
				239E99D723C90FA9003BDA1B /* GamesTableViewCell.swift in Sources */,
				239E99F123C94396003BDA1B /* GameListService.swift in Sources */,
				239E9A2B23CB254B003BDA1B /* GameDetailsHeaderView.swift in Sources */,
				239E99BB23C90414003BDA1B /* GamesRouter.swift in Sources */,
				239E9A3523CB2840003BDA1B /* URLTableViewCellViewModel.swift in Sources */,
				239E99E723C92580003BDA1B /* URLSession.swift in Sources */,
				239E99BE23C90414003BDA1B /* GamesBuilder.swift in Sources */,
				239E99F623C9B750003BDA1B /* Service.swift in Sources */,
				239E99E123C924FD003BDA1B /* Networking.swift in Sources */,
				239E99FA23C9C93B003BDA1B /* GameCellFactory.swift in Sources */,
				239E99DF23C91527003BDA1B /* ReusableCellViewModel.swift in Sources */,
				239E994323C8F4E7003BDA1B /* AppDelegate.swift in Sources */,
				239E99CC23C9052C003BDA1B /* FavoritesContracts.swift in Sources */,
				239E99E523C92554003BDA1B /* NativeNetworking.swift in Sources */,
				239E99CB23C9052C003BDA1B /* FavoritesRouter.swift in Sources */,
				239E9A1723CA7DDB003BDA1B /* GameDetailsBuilder.swift in Sources */,
				239E9A1B23CA8E14003BDA1B /* LocalDataManager.swift in Sources */,
				239E997323C8FEB1003BDA1B /* GamesTabBarViewController.swift in Sources */,
				23F862A024A483E700207DE6 /* HTTPResponseError.swift in Sources */,
				239E99D123C9093D003BDA1B /* Images.swift in Sources */,
				239E9A1523CA7DDB003BDA1B /* GameDetailsContracts.swift in Sources */,
				239E99CA23C9052C003BDA1B /* FavoritesPresenter.swift in Sources */,
				239E99BD23C90414003BDA1B /* GamesViewController.swift in Sources */,
				239E994523C8F4E7003BDA1B /* SceneDelegate.swift in Sources */,
				23F862A224A4846100207DE6 /* AlamofireNetworking.swift in Sources */,
				239E9A3F23CB3F94003BDA1B /* GameDetailsFactory.swift in Sources */,
				239E99DB23C9149B003BDA1B /* ReusableCell.swift in Sources */,
				239E99CF23C9052C003BDA1B /* FavoritesInteractor.swift in Sources */,
				239E99E323C9251F003BDA1B /* Routing.swift in Sources */,
				239E99EE23C942C6003BDA1B /* GameList.swift in Sources */,
				23912F0724A5B9D6000D2949 /* RootViewBuilder.swift in Sources */,
				239E99D323C90BF2003BDA1B /* Localization.swift in Sources */,
				239E9A1423CA7DDB003BDA1B /* GameDetailsRouter.swift in Sources */,
				239E9A0523CA12FC003BDA1B /* GameSearchService.swift in Sources */,
				239E9A1823CA7DDB003BDA1B /* GameDetailsInteractor.swift in Sources */,
				239E99CE23C9052C003BDA1B /* FavoritesBuilder.swift in Sources */,
				239E9A3123CB2823003BDA1B /* URLTableViewCell.swift in Sources */,
				239E99CD23C9052C003BDA1B /* FavoritesViewController.swift in Sources */,
				239E99EA23C94130003BDA1B /* Game.swift in Sources */,
				239E99EC23C941E6003BDA1B /* Genre.swift in Sources */,
				239E997123C8FA84003BDA1B /* UITableView+Reusable.swift in Sources */,
				239E9A2D23CB2582003BDA1B /* GameDetailsHeaderViewModel.swift in Sources */,
				239E99BF23C90414003BDA1B /* GamesInteractor.swift in Sources */,
				239E99F423C9450E003BDA1B /* GameRoute.swift in Sources */,
				239E9A1623CA7DDB003BDA1B /* GameDetailsViewController.swift in Sources */,
				239E996F23C8FA58003BDA1B /* Reusable.swift in Sources */,
				239E99BA23C90414003BDA1B /* GamesPresenter.swift in Sources */,
				239E99BC23C90414003BDA1B /* GamesContracts.swift in Sources */,
				239E9A3723CB2A9E003BDA1B /* DetailsTableViewCell.swift in Sources */,
				239E996D23C8FA44003BDA1B /* NibOwnerLoadable.swift in Sources */,
				239E9A1323CA7DDB003BDA1B /* GameDetailsPresenter.swift in Sources */,
				239E996B23C8FA1B003BDA1B /* NIBLoadable.swift in Sources */,
				239E9A3D23CB2F46003BDA1B /* GameDetailsService.swift in Sources */,
				239E9A1D23CB1DAC003BDA1B /* GameDetails.swift in Sources */,
				239E99DD23C9150B003BDA1B /* GamesTableViewCellViewModel.swift in Sources */,
				239E9A3B23CB2ADC003BDA1B /* DetailsTableViewCellViewModel.swift in Sources */,
			);
			runOnlyForDeploymentPostprocessing = 0;
		};
		239E995123C8F4E7003BDA1B /* Sources */ = {
			isa = PBXSourcesBuildPhase;
			buildActionMask = 2147483647;
			files = (
				23EBF2A624A4A432004B6B7A /* GamesPresenterMock.swift in Sources */,
				23F862AC24A48C4700207DE6 /* GamesRouterMock.swift in Sources */,
				23EBF2A224A49EF8004B6B7A /* GameListServiceMock.swift in Sources */,
				23EBF2A024A49E8F004B6B7A /* GamesInteractorTest.swift in Sources */,
				23F862A424A48ADF00207DE6 /* GamesPresenterTest.swift in Sources */,
				23EBF2A424A49FFD004B6B7A /* GameSearchServiceMock.swift in Sources */,
				239E99FE23C9E01B003BDA1B /* GameCellFactoryTest.swift in Sources */,
				239E9A4123CB428F003BDA1B /* GameDetailsFactoryTest.swift in Sources */,
				239E995A23C8F4E7003BDA1B /* GamesTests.swift in Sources */,
				23F862A824A48B8E00207DE6 /* GamesViewMock.swift in Sources */,
				23F862AE24A48CB800207DE6 /* GamesCellFactoryMock.swift in Sources */,
				239E9A4723CD2BAB003BDA1B /* GameListServiceTest.swift in Sources */,
				23F862AA24A48BCE00207DE6 /* GamesInteractorMock.swift in Sources */,
				239E9A4523CD27B2003BDA1B /* UserDefaultDatabaseTests.swift in Sources */,
			);
			runOnlyForDeploymentPostprocessing = 0;
		};
/* End PBXSourcesBuildPhase section */

/* Begin PBXTargetDependency section */
		239E995723C8F4E7003BDA1B /* PBXTargetDependency */ = {
			isa = PBXTargetDependency;
			target = 239E993E23C8F4E7003BDA1B /* Games */;
			targetProxy = 239E995623C8F4E7003BDA1B /* PBXContainerItemProxy */;
		};
/* End PBXTargetDependency section */

/* Begin PBXVariantGroup section */
		239E994D23C8F4E7003BDA1B /* LaunchScreen.storyboard */ = {
			isa = PBXVariantGroup;
			children = (
				239E994E23C8F4E7003BDA1B /* Base */,
			);
			name = LaunchScreen.storyboard;
			sourceTree = "<group>";
		};
/* End PBXVariantGroup section */

/* Begin XCBuildConfiguration section */
		239E995C23C8F4E7003BDA1B /* Debug */ = {
			isa = XCBuildConfiguration;
			buildSettings = {
				ALWAYS_SEARCH_USER_PATHS = NO;
				CLANG_ANALYZER_NONNULL = YES;
				CLANG_ANALYZER_NUMBER_OBJECT_CONVERSION = YES_AGGRESSIVE;
				CLANG_CXX_LANGUAGE_STANDARD = "gnu++14";
				CLANG_CXX_LIBRARY = "libc++";
				CLANG_ENABLE_MODULES = YES;
				CLANG_ENABLE_OBJC_ARC = YES;
				CLANG_ENABLE_OBJC_WEAK = YES;
				CLANG_WARN_BLOCK_CAPTURE_AUTORELEASING = YES;
				CLANG_WARN_BOOL_CONVERSION = YES;
				CLANG_WARN_COMMA = YES;
				CLANG_WARN_CONSTANT_CONVERSION = YES;
				CLANG_WARN_DEPRECATED_OBJC_IMPLEMENTATIONS = YES;
				CLANG_WARN_DIRECT_OBJC_ISA_USAGE = YES_ERROR;
				CLANG_WARN_DOCUMENTATION_COMMENTS = YES;
				CLANG_WARN_EMPTY_BODY = YES;
				CLANG_WARN_ENUM_CONVERSION = YES;
				CLANG_WARN_INFINITE_RECURSION = YES;
				CLANG_WARN_INT_CONVERSION = YES;
				CLANG_WARN_NON_LITERAL_NULL_CONVERSION = YES;
				CLANG_WARN_OBJC_IMPLICIT_RETAIN_SELF = YES;
				CLANG_WARN_OBJC_LITERAL_CONVERSION = YES;
				CLANG_WARN_OBJC_ROOT_CLASS = YES_ERROR;
				CLANG_WARN_RANGE_LOOP_ANALYSIS = YES;
				CLANG_WARN_STRICT_PROTOTYPES = YES;
				CLANG_WARN_SUSPICIOUS_MOVE = YES;
				CLANG_WARN_UNGUARDED_AVAILABILITY = YES_AGGRESSIVE;
				CLANG_WARN_UNREACHABLE_CODE = YES;
				CLANG_WARN__DUPLICATE_METHOD_MATCH = YES;
				COPY_PHASE_STRIP = NO;
				DEBUG_INFORMATION_FORMAT = dwarf;
				ENABLE_STRICT_OBJC_MSGSEND = YES;
				ENABLE_TESTABILITY = YES;
				GCC_C_LANGUAGE_STANDARD = gnu11;
				GCC_DYNAMIC_NO_PIC = NO;
				GCC_NO_COMMON_BLOCKS = YES;
				GCC_OPTIMIZATION_LEVEL = 0;
				GCC_PREPROCESSOR_DEFINITIONS = (
					"DEBUG=1",
					"$(inherited)",
				);
				GCC_WARN_64_TO_32_BIT_CONVERSION = YES;
				GCC_WARN_ABOUT_RETURN_TYPE = YES_ERROR;
				GCC_WARN_UNDECLARED_SELECTOR = YES;
				GCC_WARN_UNINITIALIZED_AUTOS = YES_AGGRESSIVE;
				GCC_WARN_UNUSED_FUNCTION = YES;
				GCC_WARN_UNUSED_VARIABLE = YES;
				IPHONEOS_DEPLOYMENT_TARGET = 11.0;
				MTL_ENABLE_DEBUG_INFO = INCLUDE_SOURCE;
				MTL_FAST_MATH = YES;
				ONLY_ACTIVE_ARCH = YES;
				SDKROOT = iphoneos;
				SWIFT_ACTIVE_COMPILATION_CONDITIONS = DEBUG;
				SWIFT_OPTIMIZATION_LEVEL = "-Onone";
			};
			name = Debug;
		};
		239E995D23C8F4E7003BDA1B /* Release */ = {
			isa = XCBuildConfiguration;
			buildSettings = {
				ALWAYS_SEARCH_USER_PATHS = NO;
				CLANG_ANALYZER_NONNULL = YES;
				CLANG_ANALYZER_NUMBER_OBJECT_CONVERSION = YES_AGGRESSIVE;
				CLANG_CXX_LANGUAGE_STANDARD = "gnu++14";
				CLANG_CXX_LIBRARY = "libc++";
				CLANG_ENABLE_MODULES = YES;
				CLANG_ENABLE_OBJC_ARC = YES;
				CLANG_ENABLE_OBJC_WEAK = YES;
				CLANG_WARN_BLOCK_CAPTURE_AUTORELEASING = YES;
				CLANG_WARN_BOOL_CONVERSION = YES;
				CLANG_WARN_COMMA = YES;
				CLANG_WARN_CONSTANT_CONVERSION = YES;
				CLANG_WARN_DEPRECATED_OBJC_IMPLEMENTATIONS = YES;
				CLANG_WARN_DIRECT_OBJC_ISA_USAGE = YES_ERROR;
				CLANG_WARN_DOCUMENTATION_COMMENTS = YES;
				CLANG_WARN_EMPTY_BODY = YES;
				CLANG_WARN_ENUM_CONVERSION = YES;
				CLANG_WARN_INFINITE_RECURSION = YES;
				CLANG_WARN_INT_CONVERSION = YES;
				CLANG_WARN_NON_LITERAL_NULL_CONVERSION = YES;
				CLANG_WARN_OBJC_IMPLICIT_RETAIN_SELF = YES;
				CLANG_WARN_OBJC_LITERAL_CONVERSION = YES;
				CLANG_WARN_OBJC_ROOT_CLASS = YES_ERROR;
				CLANG_WARN_RANGE_LOOP_ANALYSIS = YES;
				CLANG_WARN_STRICT_PROTOTYPES = YES;
				CLANG_WARN_SUSPICIOUS_MOVE = YES;
				CLANG_WARN_UNGUARDED_AVAILABILITY = YES_AGGRESSIVE;
				CLANG_WARN_UNREACHABLE_CODE = YES;
				CLANG_WARN__DUPLICATE_METHOD_MATCH = YES;
				COPY_PHASE_STRIP = NO;
				DEBUG_INFORMATION_FORMAT = "dwarf-with-dsym";
				ENABLE_NS_ASSERTIONS = NO;
				ENABLE_STRICT_OBJC_MSGSEND = YES;
				GCC_C_LANGUAGE_STANDARD = gnu11;
				GCC_NO_COMMON_BLOCKS = YES;
				GCC_WARN_64_TO_32_BIT_CONVERSION = YES;
				GCC_WARN_ABOUT_RETURN_TYPE = YES_ERROR;
				GCC_WARN_UNDECLARED_SELECTOR = YES;
				GCC_WARN_UNINITIALIZED_AUTOS = YES_AGGRESSIVE;
				GCC_WARN_UNUSED_FUNCTION = YES;
				GCC_WARN_UNUSED_VARIABLE = YES;
				IPHONEOS_DEPLOYMENT_TARGET = 11.0;
				MTL_ENABLE_DEBUG_INFO = NO;
				MTL_FAST_MATH = YES;
				SDKROOT = iphoneos;
				SWIFT_COMPILATION_MODE = wholemodule;
				SWIFT_OPTIMIZATION_LEVEL = "-O";
				VALIDATE_PRODUCT = YES;
			};
			name = Release;
		};
		239E995F23C8F4E7003BDA1B /* Debug */ = {
			isa = XCBuildConfiguration;
			buildSettings = {
				ASSETCATALOG_COMPILER_APPICON_NAME = AppIcon;
				CODE_SIGN_STYLE = Automatic;
				DEVELOPMENT_TEAM = 456T4LX972;
				INFOPLIST_FILE = Games/Info.plist;
				IPHONEOS_DEPLOYMENT_TARGET = 11.0;
				LD_RUNPATH_SEARCH_PATHS = (
					"$(inherited)",
					"@executable_path/Frameworks",
				);
				PRODUCT_BUNDLE_IDENTIFIER = com.gungorbasa.Games;
				PRODUCT_NAME = "$(TARGET_NAME)";
				SWIFT_VERSION = 5.0;
				TARGETED_DEVICE_FAMILY = "1,2";
			};
			name = Debug;
		};
		239E996023C8F4E7003BDA1B /* Release */ = {
			isa = XCBuildConfiguration;
			buildSettings = {
				ASSETCATALOG_COMPILER_APPICON_NAME = AppIcon;
				CODE_SIGN_STYLE = Automatic;
				DEVELOPMENT_TEAM = 456T4LX972;
				INFOPLIST_FILE = Games/Info.plist;
				IPHONEOS_DEPLOYMENT_TARGET = 11.0;
				LD_RUNPATH_SEARCH_PATHS = (
					"$(inherited)",
					"@executable_path/Frameworks",
				);
				PRODUCT_BUNDLE_IDENTIFIER = com.gungorbasa.Games;
				PRODUCT_NAME = "$(TARGET_NAME)";
				SWIFT_VERSION = 5.0;
				TARGETED_DEVICE_FAMILY = "1,2";
			};
			name = Release;
		};
		239E996223C8F4E7003BDA1B /* Debug */ = {
			isa = XCBuildConfiguration;
			buildSettings = {
				ALWAYS_EMBED_SWIFT_STANDARD_LIBRARIES = YES;
				BUNDLE_LOADER = "$(TEST_HOST)";
				CODE_SIGN_STYLE = Automatic;
				DEVELOPMENT_TEAM = 456T4LX972;
				INFOPLIST_FILE = GamesTests/Info.plist;
				IPHONEOS_DEPLOYMENT_TARGET = 13.2;
				LD_RUNPATH_SEARCH_PATHS = (
					"$(inherited)",
					"@executable_path/Frameworks",
					"@loader_path/Frameworks",
				);
				PRODUCT_BUNDLE_IDENTIFIER = com.gungorbasa.GamesTests;
				PRODUCT_NAME = "$(TARGET_NAME)";
				SWIFT_VERSION = 5.0;
				TARGETED_DEVICE_FAMILY = "1,2";
				TEST_HOST = "$(BUILT_PRODUCTS_DIR)/Games.app/Games";
			};
			name = Debug;
		};
		239E996323C8F4E7003BDA1B /* Release */ = {
			isa = XCBuildConfiguration;
			buildSettings = {
				ALWAYS_EMBED_SWIFT_STANDARD_LIBRARIES = YES;
				BUNDLE_LOADER = "$(TEST_HOST)";
				CODE_SIGN_STYLE = Automatic;
				DEVELOPMENT_TEAM = 456T4LX972;
				INFOPLIST_FILE = GamesTests/Info.plist;
				IPHONEOS_DEPLOYMENT_TARGET = 13.2;
				LD_RUNPATH_SEARCH_PATHS = (
					"$(inherited)",
					"@executable_path/Frameworks",
					"@loader_path/Frameworks",
				);
				PRODUCT_BUNDLE_IDENTIFIER = com.gungorbasa.GamesTests;
				PRODUCT_NAME = "$(TARGET_NAME)";
				SWIFT_VERSION = 5.0;
				TARGETED_DEVICE_FAMILY = "1,2";
				TEST_HOST = "$(BUILT_PRODUCTS_DIR)/Games.app/Games";
			};
			name = Release;
		};
/* End XCBuildConfiguration section */

/* Begin XCConfigurationList section */
		239E993A23C8F4E7003BDA1B /* Build configuration list for PBXProject "Games" */ = {
			isa = XCConfigurationList;
			buildConfigurations = (
				239E995C23C8F4E7003BDA1B /* Debug */,
				239E995D23C8F4E7003BDA1B /* Release */,
			);
			defaultConfigurationIsVisible = 0;
			defaultConfigurationName = Release;
		};
		239E995E23C8F4E7003BDA1B /* Build configuration list for PBXNativeTarget "Games" */ = {
			isa = XCConfigurationList;
			buildConfigurations = (
				239E995F23C8F4E7003BDA1B /* Debug */,
				239E996023C8F4E7003BDA1B /* Release */,
			);
			defaultConfigurationIsVisible = 0;
			defaultConfigurationName = Release;
		};
		239E996123C8F4E7003BDA1B /* Build configuration list for PBXNativeTarget "GamesTests" */ = {
			isa = XCConfigurationList;
			buildConfigurations = (
				239E996223C8F4E7003BDA1B /* Debug */,
				239E996323C8F4E7003BDA1B /* Release */,
			);
			defaultConfigurationIsVisible = 0;
			defaultConfigurationName = Release;
		};
/* End XCConfigurationList section */

/* Begin XCRemoteSwiftPackageReference section */
		238BFDEA24A36BDC007043A7 /* XCRemoteSwiftPackageReference "Nuke" */ = {
			isa = XCRemoteSwiftPackageReference;
			repositoryURL = "https://github.com/kean/Nuke.git";
			requirement = {
				kind = upToNextMajorVersion;
				minimumVersion = 9.1.1;
			};
		};
		238BFDF024A3778E007043A7 /* XCRemoteSwiftPackageReference "Alamofire" */ = {
			isa = XCRemoteSwiftPackageReference;
			repositoryURL = "https://github.com/Alamofire/Alamofire.git";
			requirement = {
				kind = upToNextMajorVersion;
				minimumVersion = 5.2.1;
			};
		};
/* End XCRemoteSwiftPackageReference section */

/* Begin XCSwiftPackageProductDependency section */
		238BFDEB24A36BDD007043A7 /* Nuke */ = {
			isa = XCSwiftPackageProductDependency;
			package = 238BFDEA24A36BDC007043A7 /* XCRemoteSwiftPackageReference "Nuke" */;
			productName = Nuke;
		};
		238BFDF124A3778E007043A7 /* Alamofire */ = {
			isa = XCSwiftPackageProductDependency;
			package = 238BFDF024A3778E007043A7 /* XCRemoteSwiftPackageReference "Alamofire" */;
			productName = Alamofire;
		};
/* End XCSwiftPackageProductDependency section */
	};
	rootObject = 239E993723C8F4E7003BDA1B /* Project object */;
}
